
Microsoft Visual Studio Solution File, Format Version 12.00
# Visual Studio Version 16
VisualStudioVersion = 16.0.28917.181
MinimumVisualStudioVersion = 10.0.40219.1
Project("{9A19103F-16F7-4668-BE54-9A1E7A4F7556}") = "PostAbstractReset", "PostAbstractReset.csproj", "{C90F97E4-9625-40BB-A240-B0B7A581BE2E}"
EndProject
Global
	GlobalSection(SolutionConfigurationPlatforms) = preSolution
		Debug|Any CPU = Debug|Any CPU
		Release|Any CPU = Release|Any CPU
	EndGlobalSection
	GlobalSection(ProjectConfigurationPlatforms) = postSolution
		{C90F97E4-9625-40BB-A240-B0B7A581BE2E}.Debug|Any CPU.ActiveCfg = Debug|Any CPU
		{C90F97E4-9625-40BB-A240-B0B7A581BE2E}.Debug|Any CPU.Build.0 = Debug|Any CPU
		{C90F97E4-9625-40BB-A240-B0B7A581BE2E}.Release|Any CPU.ActiveCfg = Release|Any CPU
		{C90F97E4-9625-40BB-A240-B0B7A581BE2E}.Release|Any CPU.Build.0 = Release|Any CPU
	EndGlobalSection
	GlobalSection(SolutionProperties) = preSolution
		HideSolutionNode = FALSE
	EndGlobalSection
	GlobalSection(ExtensibilityGlobals) = postSolution
		SolutionGuid = {BBF56FCF-9BA8-4B01-A388-32BBDCFDDA18}
	EndGlobalSection
EndGlobal
