
Microsoft Visual Studio Solution File, Format Version 12.00
# Visual Studio Version 16
VisualStudioVersion = 16.0.28621.142
MinimumVisualStudioVersion = 10.0.40219.1
Project("{9A19103F-16F7-4668-BE54-9A1E7A4F7556}") = "Moonglade.Web", "Moonglade.Web\Moonglade.Web.csproj", "{2BC1D1F3-B0B2-4184-A84B-34A6B531BD4A}"
EndProject
Project("{9A19103F-16F7-4668-BE54-9A1E7A4F7556}") = "Moonglade.Core", "Moonglade.Core\Moonglade.Core.csproj", "{0A3BCAC1-1759-48F4-A222-71A4C65A23A0}"
EndProject
Project("{2150E333-8FDC-42A3-9474-1A3956D46DE8}") = "Application", "Application", "{9B62AB08-D68E-440E-819C-2C4636FF9C78}"
EndProject
Project("{2150E333-8FDC-42A3-9474-1A3956D46DE8}") = "Core", "Core", "{97439361-03B4-46C9-BC06-49F76BA57879}"
EndProject
Project("{9A19103F-16F7-4668-BE54-9A1E7A4F7556}") = "Moonglade.Data", "Moonglade.Data\Moonglade.Data.csproj", "{B7151A42-A200-442D-9244-F6A2EADDFEA1}"
EndProject
Project("{9A19103F-16F7-4668-BE54-9A1E7A4F7556}") = "Moonglade.Model", "Moonglade.Model\Moonglade.Model.csproj", "{51AC6A29-09F3-47D5-9491-2150156FF5F3}"
EndProject
Project("{2150E333-8FDC-42A3-9474-1A3956D46DE8}") = "Data", "Data", "{41072B8B-1052-4CC6-930F-83A5F8EA7482}"
EndProject
Project("{9A19103F-16F7-4668-BE54-9A1E7A4F7556}") = "Moonglade.ImageStorage", "Moonglade.ImageStorage\Moonglade.ImageStorage.csproj", "{702AEE84-D06A-403F-8D7F-BE1955E9D062}"
EndProject
Project("{2150E333-8FDC-42A3-9474-1A3956D46DE8}") = "ImageStorage", "ImageStorage", "{D793139B-129C-4AD3-A947-957E96D3F841}"
EndProject
Project("{9A19103F-16F7-4668-BE54-9A1E7A4F7556}") = "Moonglade.ImageStorage.FileSystem", "Moonglade.ImageStorage.FileSystem\Moonglade.ImageStorage.FileSystem.csproj", "{0E0E0B9A-8562-4087-A5F4-D1F648DC02CB}"
EndProject
Project("{9A19103F-16F7-4668-BE54-9A1E7A4F7556}") = "Moonglade.ImageStorage.AzureBlob", "Moonglade.ImageStorage.AzureBlob\Moonglade.ImageStorage.AzureBlob.csproj", "{DD0E0BCD-25BE-49B9-9125-B1C8DAE8D241}"
EndProject
Project("{9A19103F-16F7-4668-BE54-9A1E7A4F7556}") = "Moonglade.Configuration", "Moonglade.Configuration\Moonglade.Configuration.csproj", "{D050818F-EDAD-43F1-9824-9627A0B4324C}"
EndProject
Project("{2150E333-8FDC-42A3-9474-1A3956D46DE8}") = ".Solution Items", ".Solution Items", "{BE685106-CE96-4A43-A161-3425565C6A9D}"
	ProjectSection(SolutionItems) = preProject
		..\.gitattributes = ..\.gitattributes
		..\.gitignore = ..\.gitignore
		..\azure-pipelines.yml = ..\azure-pipelines.yml
		..\Azure-Deployment\Deploy.ps1 = ..\Azure-Deployment\Deploy.ps1
		Dockerfile = Dockerfile
		..\LICENSE = ..\LICENSE
		MoongladeCommon.props = MoongladeCommon.props
		..\README.md = ..\README.md
	EndProjectSection
EndProject
Project("{9A19103F-16F7-4668-BE54-9A1E7A4F7556}") = "Moonglade.Web.Middleware", "Moonglade.Web.Middleware\Moonglade.Web.Middleware.csproj", "{7F80DBB1-4A32-491E-87E2-6A9FB89463B8}"
EndProject
Project("{9A19103F-16F7-4668-BE54-9A1E7A4F7556}") = "Moonglade.Web.Authentication", "Moonglade.Web.Authentication\Moonglade.Web.Authentication.csproj", "{F15CB3C2-A616-4B5C-8B44-E4EAA486AC06}"
EndProject
Project("{2150E333-8FDC-42A3-9474-1A3956D46DE8}") = "Tests", "Tests", "{D56318F7-8E6D-4667-8A11-43B664CDD02C}"
EndProject
Project("{9A19103F-16F7-4668-BE54-9A1E7A4F7556}") = "Moonglade.Tests", "Moonglade.Tests\Moonglade.Tests.csproj", "{68D59F9F-F0F7-45F4-98DE-02C9AD432A5A}"
EndProject
Project("{9A19103F-16F7-4668-BE54-9A1E7A4F7556}") = "Moonglade.Setup", "Moonglade.Setup\Moonglade.Setup.csproj", "{DFA86009-057C-4435-B88D-1A4AB06B26EB}"
EndProject
Project("{9A19103F-16F7-4668-BE54-9A1E7A4F7556}") = "Moonglade.HtmlEncoding", "Moonglade.HtmlEncoding\Moonglade.HtmlEncoding.csproj", "{0EFDE319-3BEF-4A00-873A-B9FB1DB9F5AA}"
EndProject
Project("{9A19103F-16F7-4668-BE54-9A1E7A4F7556}") = "Moonglade.Web.SiteIconGenerator", "Moonglade.Web.SiteIconGenerator\Moonglade.Web.SiteIconGenerator.csproj", "{569AEA3F-EA60-49E7-8829-0BB59C811EBF}"
EndProject
Project("{9A19103F-16F7-4668-BE54-9A1E7A4F7556}") = "Moonglade.Auditing", "Moonglade.Auditing\Moonglade.Auditing.csproj", "{87BA3928-FF17-4881-BFEF-63ED212BB8E8}"
EndProject
Project("{9A19103F-16F7-4668-BE54-9A1E7A4F7556}") = "Moonglade.DateTimeOps", "Moonglade.DateTimeOps\Moonglade.DateTimeOps.csproj", "{0337757F-DAA0-4A63-83B7-EAC35FC33753}"
EndProject
Project("{9A19103F-16F7-4668-BE54-9A1E7A4F7556}") = "Moonglade.Syndication", "Moonglade.Syndication\Moonglade.Syndication.csproj", "{3675CD24-B29D-4F1E-AB8E-9B563B000338}"
EndProject
Project("{9A19103F-16F7-4668-BE54-9A1E7A4F7556}") = "Moonglade.OpmlFileWriter", "Moonglade.OpmlFileWriter\Moonglade.OpmlFileWriter.csproj", "{810CF0EF-359E-411F-9812-C3004B7894A7}"
EndProject
Project("{9A19103F-16F7-4668-BE54-9A1E7A4F7556}") = "Moonglade.Pingback", "Moonglade.Pingback\Moonglade.Pingback.csproj", "{DB2020AF-391A-4D5F-8037-541462DAEEE8}"
EndProject
Project("{FAE04EC0-301F-11D3-BF4B-00C04F79EFBC}") = "Moonglade.Data.Entities", "Moonglade.Data.Entities\Moonglade.Data.Entities.csproj", "{88833A7B-B822-4F83-80DF-687DE4389117}"
EndProject
Global
	GlobalSection(SolutionConfigurationPlatforms) = preSolution
		Debug|Any CPU = Debug|Any CPU
		Release|Any CPU = Release|Any CPU
	EndGlobalSection
	GlobalSection(ProjectConfigurationPlatforms) = postSolution
		{2BC1D1F3-B0B2-4184-A84B-34A6B531BD4A}.Debug|Any CPU.ActiveCfg = Debug|Any CPU
		{2BC1D1F3-B0B2-4184-A84B-34A6B531BD4A}.Debug|Any CPU.Build.0 = Debug|Any CPU
		{2BC1D1F3-B0B2-4184-A84B-34A6B531BD4A}.Release|Any CPU.ActiveCfg = Release|Any CPU
		{2BC1D1F3-B0B2-4184-A84B-34A6B531BD4A}.Release|Any CPU.Build.0 = Release|Any CPU
		{0A3BCAC1-1759-48F4-A222-71A4C65A23A0}.Debug|Any CPU.ActiveCfg = Debug|Any CPU
		{0A3BCAC1-1759-48F4-A222-71A4C65A23A0}.Debug|Any CPU.Build.0 = Debug|Any CPU
		{0A3BCAC1-1759-48F4-A222-71A4C65A23A0}.Release|Any CPU.ActiveCfg = Release|Any CPU
		{0A3BCAC1-1759-48F4-A222-71A4C65A23A0}.Release|Any CPU.Build.0 = Release|Any CPU
		{B7151A42-A200-442D-9244-F6A2EADDFEA1}.Debug|Any CPU.ActiveCfg = Debug|Any CPU
		{B7151A42-A200-442D-9244-F6A2EADDFEA1}.Debug|Any CPU.Build.0 = Debug|Any CPU
		{B7151A42-A200-442D-9244-F6A2EADDFEA1}.Release|Any CPU.ActiveCfg = Release|Any CPU
		{B7151A42-A200-442D-9244-F6A2EADDFEA1}.Release|Any CPU.Build.0 = Release|Any CPU
		{51AC6A29-09F3-47D5-9491-2150156FF5F3}.Debug|Any CPU.ActiveCfg = Debug|Any CPU
		{51AC6A29-09F3-47D5-9491-2150156FF5F3}.Debug|Any CPU.Build.0 = Debug|Any CPU
		{51AC6A29-09F3-47D5-9491-2150156FF5F3}.Release|Any CPU.ActiveCfg = Release|Any CPU
		{51AC6A29-09F3-47D5-9491-2150156FF5F3}.Release|Any CPU.Build.0 = Release|Any CPU
		{702AEE84-D06A-403F-8D7F-BE1955E9D062}.Debug|Any CPU.ActiveCfg = Debug|Any CPU
		{702AEE84-D06A-403F-8D7F-BE1955E9D062}.Debug|Any CPU.Build.0 = Debug|Any CPU
		{702AEE84-D06A-403F-8D7F-BE1955E9D062}.Release|Any CPU.ActiveCfg = Release|Any CPU
		{702AEE84-D06A-403F-8D7F-BE1955E9D062}.Release|Any CPU.Build.0 = Release|Any CPU
		{0E0E0B9A-8562-4087-A5F4-D1F648DC02CB}.Debug|Any CPU.ActiveCfg = Debug|Any CPU
		{0E0E0B9A-8562-4087-A5F4-D1F648DC02CB}.Debug|Any CPU.Build.0 = Debug|Any CPU
		{0E0E0B9A-8562-4087-A5F4-D1F648DC02CB}.Release|Any CPU.ActiveCfg = Release|Any CPU
		{0E0E0B9A-8562-4087-A5F4-D1F648DC02CB}.Release|Any CPU.Build.0 = Release|Any CPU
		{DD0E0BCD-25BE-49B9-9125-B1C8DAE8D241}.Debug|Any CPU.ActiveCfg = Debug|Any CPU
		{DD0E0BCD-25BE-49B9-9125-B1C8DAE8D241}.Debug|Any CPU.Build.0 = Debug|Any CPU
		{DD0E0BCD-25BE-49B9-9125-B1C8DAE8D241}.Release|Any CPU.ActiveCfg = Release|Any CPU
		{DD0E0BCD-25BE-49B9-9125-B1C8DAE8D241}.Release|Any CPU.Build.0 = Release|Any CPU
		{D050818F-EDAD-43F1-9824-9627A0B4324C}.Debug|Any CPU.ActiveCfg = Debug|Any CPU
		{D050818F-EDAD-43F1-9824-9627A0B4324C}.Debug|Any CPU.Build.0 = Debug|Any CPU
		{D050818F-EDAD-43F1-9824-9627A0B4324C}.Release|Any CPU.ActiveCfg = Release|Any CPU
		{D050818F-EDAD-43F1-9824-9627A0B4324C}.Release|Any CPU.Build.0 = Release|Any CPU
		{7F80DBB1-4A32-491E-87E2-6A9FB89463B8}.Debug|Any CPU.ActiveCfg = Debug|Any CPU
		{7F80DBB1-4A32-491E-87E2-6A9FB89463B8}.Debug|Any CPU.Build.0 = Debug|Any CPU
		{7F80DBB1-4A32-491E-87E2-6A9FB89463B8}.Release|Any CPU.ActiveCfg = Release|Any CPU
		{7F80DBB1-4A32-491E-87E2-6A9FB89463B8}.Release|Any CPU.Build.0 = Release|Any CPU
		{F15CB3C2-A616-4B5C-8B44-E4EAA486AC06}.Debug|Any CPU.ActiveCfg = Debug|Any CPU
		{F15CB3C2-A616-4B5C-8B44-E4EAA486AC06}.Debug|Any CPU.Build.0 = Debug|Any CPU
		{F15CB3C2-A616-4B5C-8B44-E4EAA486AC06}.Release|Any CPU.ActiveCfg = Release|Any CPU
		{F15CB3C2-A616-4B5C-8B44-E4EAA486AC06}.Release|Any CPU.Build.0 = Release|Any CPU
		{68D59F9F-F0F7-45F4-98DE-02C9AD432A5A}.Debug|Any CPU.ActiveCfg = Debug|Any CPU
		{68D59F9F-F0F7-45F4-98DE-02C9AD432A5A}.Debug|Any CPU.Build.0 = Debug|Any CPU
		{68D59F9F-F0F7-45F4-98DE-02C9AD432A5A}.Release|Any CPU.ActiveCfg = Release|Any CPU
		{68D59F9F-F0F7-45F4-98DE-02C9AD432A5A}.Release|Any CPU.Build.0 = Release|Any CPU
		{DFA86009-057C-4435-B88D-1A4AB06B26EB}.Debug|Any CPU.ActiveCfg = Debug|Any CPU
		{DFA86009-057C-4435-B88D-1A4AB06B26EB}.Debug|Any CPU.Build.0 = Debug|Any CPU
		{DFA86009-057C-4435-B88D-1A4AB06B26EB}.Release|Any CPU.ActiveCfg = Release|Any CPU
		{DFA86009-057C-4435-B88D-1A4AB06B26EB}.Release|Any CPU.Build.0 = Release|Any CPU
		{0EFDE319-3BEF-4A00-873A-B9FB1DB9F5AA}.Debug|Any CPU.ActiveCfg = Debug|Any CPU
		{0EFDE319-3BEF-4A00-873A-B9FB1DB9F5AA}.Debug|Any CPU.Build.0 = Debug|Any CPU
		{0EFDE319-3BEF-4A00-873A-B9FB1DB9F5AA}.Release|Any CPU.ActiveCfg = Release|Any CPU
		{0EFDE319-3BEF-4A00-873A-B9FB1DB9F5AA}.Release|Any CPU.Build.0 = Release|Any CPU
		{569AEA3F-EA60-49E7-8829-0BB59C811EBF}.Debug|Any CPU.ActiveCfg = Debug|Any CPU
		{569AEA3F-EA60-49E7-8829-0BB59C811EBF}.Debug|Any CPU.Build.0 = Debug|Any CPU
		{569AEA3F-EA60-49E7-8829-0BB59C811EBF}.Release|Any CPU.ActiveCfg = Release|Any CPU
		{569AEA3F-EA60-49E7-8829-0BB59C811EBF}.Release|Any CPU.Build.0 = Release|Any CPU
		{87BA3928-FF17-4881-BFEF-63ED212BB8E8}.Debug|Any CPU.ActiveCfg = Debug|Any CPU
		{87BA3928-FF17-4881-BFEF-63ED212BB8E8}.Debug|Any CPU.Build.0 = Debug|Any CPU
		{87BA3928-FF17-4881-BFEF-63ED212BB8E8}.Release|Any CPU.ActiveCfg = Release|Any CPU
		{87BA3928-FF17-4881-BFEF-63ED212BB8E8}.Release|Any CPU.Build.0 = Release|Any CPU
		{0337757F-DAA0-4A63-83B7-EAC35FC33753}.Debug|Any CPU.ActiveCfg = Debug|Any CPU
		{0337757F-DAA0-4A63-83B7-EAC35FC33753}.Debug|Any CPU.Build.0 = Debug|Any CPU
		{0337757F-DAA0-4A63-83B7-EAC35FC33753}.Release|Any CPU.ActiveCfg = Release|Any CPU
		{0337757F-DAA0-4A63-83B7-EAC35FC33753}.Release|Any CPU.Build.0 = Release|Any CPU
		{3675CD24-B29D-4F1E-AB8E-9B563B000338}.Debug|Any CPU.ActiveCfg = Debug|Any CPU
		{3675CD24-B29D-4F1E-AB8E-9B563B000338}.Debug|Any CPU.Build.0 = Debug|Any CPU
		{3675CD24-B29D-4F1E-AB8E-9B563B000338}.Release|Any CPU.ActiveCfg = Release|Any CPU
		{3675CD24-B29D-4F1E-AB8E-9B563B000338}.Release|Any CPU.Build.0 = Release|Any CPU
		{810CF0EF-359E-411F-9812-C3004B7894A7}.Debug|Any CPU.ActiveCfg = Debug|Any CPU
		{810CF0EF-359E-411F-9812-C3004B7894A7}.Debug|Any CPU.Build.0 = Debug|Any CPU
		{810CF0EF-359E-411F-9812-C3004B7894A7}.Release|Any CPU.ActiveCfg = Release|Any CPU
		{810CF0EF-359E-411F-9812-C3004B7894A7}.Release|Any CPU.Build.0 = Release|Any CPU
		{DB2020AF-391A-4D5F-8037-541462DAEEE8}.Debug|Any CPU.ActiveCfg = Debug|Any CPU
		{DB2020AF-391A-4D5F-8037-541462DAEEE8}.Debug|Any CPU.Build.0 = Debug|Any CPU
		{DB2020AF-391A-4D5F-8037-541462DAEEE8}.Release|Any CPU.ActiveCfg = Release|Any CPU
		{DB2020AF-391A-4D5F-8037-541462DAEEE8}.Release|Any CPU.Build.0 = Release|Any CPU
		{88833A7B-B822-4F83-80DF-687DE4389117}.Debug|Any CPU.ActiveCfg = Debug|Any CPU
		{88833A7B-B822-4F83-80DF-687DE4389117}.Debug|Any CPU.Build.0 = Debug|Any CPU
		{88833A7B-B822-4F83-80DF-687DE4389117}.Release|Any CPU.ActiveCfg = Release|Any CPU
		{88833A7B-B822-4F83-80DF-687DE4389117}.Release|Any CPU.Build.0 = Release|Any CPU
	EndGlobalSection
	GlobalSection(SolutionProperties) = preSolution
		HideSolutionNode = FALSE
	EndGlobalSection
	GlobalSection(NestedProjects) = preSolution
		{2BC1D1F3-B0B2-4184-A84B-34A6B531BD4A} = {9B62AB08-D68E-440E-819C-2C4636FF9C78}
		{0A3BCAC1-1759-48F4-A222-71A4C65A23A0} = {97439361-03B4-46C9-BC06-49F76BA57879}
		{B7151A42-A200-442D-9244-F6A2EADDFEA1} = {41072B8B-1052-4CC6-930F-83A5F8EA7482}
		{51AC6A29-09F3-47D5-9491-2150156FF5F3} = {97439361-03B4-46C9-BC06-49F76BA57879}
		{702AEE84-D06A-403F-8D7F-BE1955E9D062} = {D793139B-129C-4AD3-A947-957E96D3F841}
		{0E0E0B9A-8562-4087-A5F4-D1F648DC02CB} = {D793139B-129C-4AD3-A947-957E96D3F841}
		{DD0E0BCD-25BE-49B9-9125-B1C8DAE8D241} = {D793139B-129C-4AD3-A947-957E96D3F841}
		{D050818F-EDAD-43F1-9824-9627A0B4324C} = {97439361-03B4-46C9-BC06-49F76BA57879}
		{7F80DBB1-4A32-491E-87E2-6A9FB89463B8} = {9B62AB08-D68E-440E-819C-2C4636FF9C78}
		{F15CB3C2-A616-4B5C-8B44-E4EAA486AC06} = {9B62AB08-D68E-440E-819C-2C4636FF9C78}
		{68D59F9F-F0F7-45F4-98DE-02C9AD432A5A} = {D56318F7-8E6D-4667-8A11-43B664CDD02C}
		{DFA86009-057C-4435-B88D-1A4AB06B26EB} = {41072B8B-1052-4CC6-930F-83A5F8EA7482}
		{0EFDE319-3BEF-4A00-873A-B9FB1DB9F5AA} = {97439361-03B4-46C9-BC06-49F76BA57879}
		{569AEA3F-EA60-49E7-8829-0BB59C811EBF} = {9B62AB08-D68E-440E-819C-2C4636FF9C78}
		{87BA3928-FF17-4881-BFEF-63ED212BB8E8} = {97439361-03B4-46C9-BC06-49F76BA57879}
		{0337757F-DAA0-4A63-83B7-EAC35FC33753} = {97439361-03B4-46C9-BC06-49F76BA57879}
		{3675CD24-B29D-4F1E-AB8E-9B563B000338} = {97439361-03B4-46C9-BC06-49F76BA57879}
		{810CF0EF-359E-411F-9812-C3004B7894A7} = {97439361-03B4-46C9-BC06-49F76BA57879}
		{DB2020AF-391A-4D5F-8037-541462DAEEE8} = {97439361-03B4-46C9-BC06-49F76BA57879}
		{88833A7B-B822-4F83-80DF-687DE4389117} = {41072B8B-1052-4CC6-930F-83A5F8EA7482}
	EndGlobalSection
	GlobalSection(ExtensibilityGlobals) = postSolution
		SolutionGuid = {EBD14882-9899-4C4B-B9BC-22C0B93BD559}
	EndGlobalSection
EndGlobal
