
Microsoft Visual Studio Solution File, Format Version 12.00
# Visual Studio Version 17
VisualStudioVersion = 17.0.32014.148
MinimumVisualStudioVersion = 10.0.40219.1
Project("{9A19103F-16F7-4668-BE54-9A1E7A4F7556}") = "Moonglade.Web", "Moonglade.Web\Moonglade.Web.csproj", "{2BC1D1F3-B0B2-4184-A84B-34A6B531BD4A}"
EndProject
Project("{9A19103F-16F7-4668-BE54-9A1E7A4F7556}") = "Moonglade.Core", "Moonglade.Core\Moonglade.Core.csproj", "{0A3BCAC1-1759-48F4-A222-71A4C65A23A0}"
EndProject
Project("{2150E333-8FDC-42A3-9474-1A3956D46DE8}") = "Application", "Application", "{9B62AB08-D68E-440E-819C-2C4636FF9C78}"
EndProject
Project("{2150E333-8FDC-42A3-9474-1A3956D46DE8}") = "Core", "Core", "{97439361-03B4-46C9-BC06-49F76BA57879}"
EndProject
Project("{9A19103F-16F7-4668-BE54-9A1E7A4F7556}") = "Moonglade.Data", "Moonglade.Data\Moonglade.Data.csproj", "{B7151A42-A200-442D-9244-F6A2EADDFEA1}"
EndProject
Project("{2150E333-8FDC-42A3-9474-1A3956D46DE8}") = "Data", "Data", "{41072B8B-1052-4CC6-930F-83A5F8EA7482}"
EndProject
Project("{9A19103F-16F7-4668-BE54-9A1E7A4F7556}") = "Moonglade.ImageStorage", "Moonglade.ImageStorage\Moonglade.ImageStorage.csproj", "{702AEE84-D06A-403F-8D7F-BE1955E9D062}"
EndProject
Project("{9A19103F-16F7-4668-BE54-9A1E7A4F7556}") = "Moonglade.Configuration", "Moonglade.Configuration\Moonglade.Configuration.csproj", "{D050818F-EDAD-43F1-9824-9627A0B4324C}"
EndProject
Project("{2150E333-8FDC-42A3-9474-1A3956D46DE8}") = ".Solution Items", ".Solution Items", "{BE685106-CE96-4A43-A161-3425565C6A9D}"
	ProjectSection(SolutionItems) = preProject
		..\.gitattributes = ..\.gitattributes
		..\.gitignore = ..\.gitignore
		..\azure-pipelines.yml = ..\azure-pipelines.yml
		Directory.Build.props = Directory.Build.props
		..\Dockerfile = ..\Dockerfile
		..\LICENSE = ..\LICENSE
		..\README.md = ..\README.md
	EndProjectSection
EndProject
Project("{9A19103F-16F7-4668-BE54-9A1E7A4F7556}") = "Moonglade.Syndication", "Moonglade.Syndication\Moonglade.Syndication.csproj", "{3675CD24-B29D-4F1E-AB8E-9B563B000338}"
EndProject
Project("{9A19103F-16F7-4668-BE54-9A1E7A4F7556}") = "Moonglade.Pingback", "Moonglade.Pingback\Moonglade.Pingback.csproj", "{DB2020AF-391A-4D5F-8037-541462DAEEE8}"
EndProject
Project("{2150E333-8FDC-42A3-9474-1A3956D46DE8}") = "Deployment", "Deployment", "{F2B7F09C-55B8-4A24-9CCB-9883C0B72DF1}"
	ProjectSection(SolutionItems) = preProject
		..\Deployment\AzureQuickDeploy.ps1 = ..\Deployment\AzureQuickDeploy.ps1
		..\Deployment\install.sh = ..\Deployment\install.sh
		..\Deployment\uninstall.sh = ..\Deployment\uninstall.sh
	EndProjectSection
EndProject
Project("{2150E333-8FDC-42A3-9474-1A3956D46DE8}") = "Infrastructure", "Infrastructure", "{F9400B71-ADCD-4FBE-A88F-F85873FDC60B}"
EndProject
Project("{9A19103F-16F7-4668-BE54-9A1E7A4F7556}") = "Moonglade.Utils", "Moonglade.Utils\Moonglade.Utils.csproj", "{9C2D082D-39B8-4D51-B532-3274431EA606}"
EndProject
Project("{9A19103F-16F7-4668-BE54-9A1E7A4F7556}") = "Moonglade.Comments", "Moonglade.Comments\Moonglade.Comments.csproj", "{80E6D51F-0920-4910-9A0A-A2E4ACF9F36D}"
EndProject
Project("{9A19103F-16F7-4668-BE54-9A1E7A4F7556}") = "Moonglade.FriendLink", "Moonglade.FriendLink\Moonglade.FriendLink.csproj", "{C2691740-A964-43C8-8024-DA64FB5DB624}"
EndProject
Project("{9A19103F-16F7-4668-BE54-9A1E7A4F7556}") = "Moonglade.Email.Client", "Moonglade.Email.Client\Moonglade.Email.Client.csproj", "{DF0D2D74-B9B7-4EB8-956D-E9CBDDF3390E}"
EndProject
Project("{9A19103F-16F7-4668-BE54-9A1E7A4F7556}") = "Moonglade.Auth", "Moonglade.Auth\Moonglade.Auth.csproj", "{5B888FFB-8BF0-4AED-9D1E-91396290BC05}"
EndProject
Project("{2150E333-8FDC-42A3-9474-1A3956D46DE8}") = ".vscode", ".vscode", "{FE0F6EA1-5520-4DD9-9CD4-7A2365A03C8C}"
	ProjectSection(SolutionItems) = preProject
		..\.vscode\launch.json = ..\.vscode\launch.json
		..\.vscode\settings.json = ..\.vscode\settings.json
		..\.vscode\tasks.json = ..\.vscode\tasks.json
	EndProjectSection
EndProject
Project("{9A19103F-16F7-4668-BE54-9A1E7A4F7556}") = "Moonglade.Theme", "Moonglade.Theme\Moonglade.Theme.csproj", "{59770DF9-9CC5-4912-8677-5E99DA9C96CA}"
EndProject
Project("{9A19103F-16F7-4668-BE54-9A1E7A4F7556}") = "Moonglade.Data.SqlServer", "Moonglade.Data.SqlServer\Moonglade.Data.SqlServer.csproj", "{1ED1FD2A-703E-471D-AEDA-9885748194FF}"
EndProject
Project("{9A19103F-16F7-4668-BE54-9A1E7A4F7556}") = "Moonglade.Data.MySql", "Moonglade.Data.MySql\Moonglade.Data.MySql.csproj", "{0267C513-2DB9-4697-A6FA-39BB83E1CA9B}"
EndProject
Project("{9A19103F-16F7-4668-BE54-9A1E7A4F7556}") = "Moonglade.Data.PostgreSql", "Moonglade.Data.PostgreSql\Moonglade.Data.PostgreSql.csproj", "{5750F136-DD4B-42F8-BA64-2371C2527505}"
EndProject
Global
	GlobalSection(SolutionConfigurationPlatforms) = preSolution
		Debug|Any CPU = Debug|Any CPU
		Release|Any CPU = Release|Any CPU
	EndGlobalSection
	GlobalSection(ProjectConfigurationPlatforms) = postSolution
		{2BC1D1F3-B0B2-4184-A84B-34A6B531BD4A}.Debug|Any CPU.ActiveCfg = Debug|Any CPU
		{2BC1D1F3-B0B2-4184-A84B-34A6B531BD4A}.Debug|Any CPU.Build.0 = Debug|Any CPU
		{2BC1D1F3-B0B2-4184-A84B-34A6B531BD4A}.Release|Any CPU.ActiveCfg = Release|Any CPU
		{2BC1D1F3-B0B2-4184-A84B-34A6B531BD4A}.Release|Any CPU.Build.0 = Release|Any CPU
		{0A3BCAC1-1759-48F4-A222-71A4C65A23A0}.Debug|Any CPU.ActiveCfg = Debug|Any CPU
		{0A3BCAC1-1759-48F4-A222-71A4C65A23A0}.Debug|Any CPU.Build.0 = Debug|Any CPU
		{0A3BCAC1-1759-48F4-A222-71A4C65A23A0}.Release|Any CPU.ActiveCfg = Release|Any CPU
		{0A3BCAC1-1759-48F4-A222-71A4C65A23A0}.Release|Any CPU.Build.0 = Release|Any CPU
		{B7151A42-A200-442D-9244-F6A2EADDFEA1}.Debug|Any CPU.ActiveCfg = Debug|Any CPU
		{B7151A42-A200-442D-9244-F6A2EADDFEA1}.Debug|Any CPU.Build.0 = Debug|Any CPU
		{B7151A42-A200-442D-9244-F6A2EADDFEA1}.Release|Any CPU.ActiveCfg = Release|Any CPU
		{B7151A42-A200-442D-9244-F6A2EADDFEA1}.Release|Any CPU.Build.0 = Release|Any CPU
		{702AEE84-D06A-403F-8D7F-BE1955E9D062}.Debug|Any CPU.ActiveCfg = Debug|Any CPU
		{702AEE84-D06A-403F-8D7F-BE1955E9D062}.Debug|Any CPU.Build.0 = Debug|Any CPU
		{702AEE84-D06A-403F-8D7F-BE1955E9D062}.Release|Any CPU.ActiveCfg = Release|Any CPU
		{702AEE84-D06A-403F-8D7F-BE1955E9D062}.Release|Any CPU.Build.0 = Release|Any CPU
		{D050818F-EDAD-43F1-9824-9627A0B4324C}.Debug|Any CPU.ActiveCfg = Debug|Any CPU
		{D050818F-EDAD-43F1-9824-9627A0B4324C}.Debug|Any CPU.Build.0 = Debug|Any CPU
		{D050818F-EDAD-43F1-9824-9627A0B4324C}.Release|Any CPU.ActiveCfg = Release|Any CPU
		{D050818F-EDAD-43F1-9824-9627A0B4324C}.Release|Any CPU.Build.0 = Release|Any CPU
		{3675CD24-B29D-4F1E-AB8E-9B563B000338}.Debug|Any CPU.ActiveCfg = Debug|Any CPU
		{3675CD24-B29D-4F1E-AB8E-9B563B000338}.Debug|Any CPU.Build.0 = Debug|Any CPU
		{3675CD24-B29D-4F1E-AB8E-9B563B000338}.Release|Any CPU.ActiveCfg = Release|Any CPU
		{3675CD24-B29D-4F1E-AB8E-9B563B000338}.Release|Any CPU.Build.0 = Release|Any CPU
		{DB2020AF-391A-4D5F-8037-541462DAEEE8}.Debug|Any CPU.ActiveCfg = Debug|Any CPU
		{DB2020AF-391A-4D5F-8037-541462DAEEE8}.Debug|Any CPU.Build.0 = Debug|Any CPU
		{DB2020AF-391A-4D5F-8037-541462DAEEE8}.Release|Any CPU.ActiveCfg = Release|Any CPU
		{DB2020AF-391A-4D5F-8037-541462DAEEE8}.Release|Any CPU.Build.0 = Release|Any CPU
		{9C2D082D-39B8-4D51-B532-3274431EA606}.Debug|Any CPU.ActiveCfg = Debug|Any CPU
		{9C2D082D-39B8-4D51-B532-3274431EA606}.Debug|Any CPU.Build.0 = Debug|Any CPU
		{9C2D082D-39B8-4D51-B532-3274431EA606}.Release|Any CPU.ActiveCfg = Release|Any CPU
		{9C2D082D-39B8-4D51-B532-3274431EA606}.Release|Any CPU.Build.0 = Release|Any CPU
		{80E6D51F-0920-4910-9A0A-A2E4ACF9F36D}.Debug|Any CPU.ActiveCfg = Debug|Any CPU
		{80E6D51F-0920-4910-9A0A-A2E4ACF9F36D}.Debug|Any CPU.Build.0 = Debug|Any CPU
		{80E6D51F-0920-4910-9A0A-A2E4ACF9F36D}.Release|Any CPU.ActiveCfg = Release|Any CPU
		{80E6D51F-0920-4910-9A0A-A2E4ACF9F36D}.Release|Any CPU.Build.0 = Release|Any CPU
		{C2691740-A964-43C8-8024-DA64FB5DB624}.Debug|Any CPU.ActiveCfg = Debug|Any CPU
		{C2691740-A964-43C8-8024-DA64FB5DB624}.Debug|Any CPU.Build.0 = Debug|Any CPU
		{C2691740-A964-43C8-8024-DA64FB5DB624}.Release|Any CPU.ActiveCfg = Release|Any CPU
		{C2691740-A964-43C8-8024-DA64FB5DB624}.Release|Any CPU.Build.0 = Release|Any CPU
		{DF0D2D74-B9B7-4EB8-956D-E9CBDDF3390E}.Debug|Any CPU.ActiveCfg = Debug|Any CPU
		{DF0D2D74-B9B7-4EB8-956D-E9CBDDF3390E}.Debug|Any CPU.Build.0 = Debug|Any CPU
		{DF0D2D74-B9B7-4EB8-956D-E9CBDDF3390E}.Release|Any CPU.ActiveCfg = Release|Any CPU
		{DF0D2D74-B9B7-4EB8-956D-E9CBDDF3390E}.Release|Any CPU.Build.0 = Release|Any CPU
		{5B888FFB-8BF0-4AED-9D1E-91396290BC05}.Debug|Any CPU.ActiveCfg = Debug|Any CPU
		{5B888FFB-8BF0-4AED-9D1E-91396290BC05}.Debug|Any CPU.Build.0 = Debug|Any CPU
		{5B888FFB-8BF0-4AED-9D1E-91396290BC05}.Release|Any CPU.ActiveCfg = Release|Any CPU
		{5B888FFB-8BF0-4AED-9D1E-91396290BC05}.Release|Any CPU.Build.0 = Release|Any CPU
		{59770DF9-9CC5-4912-8677-5E99DA9C96CA}.Debug|Any CPU.ActiveCfg = Debug|Any CPU
		{59770DF9-9CC5-4912-8677-5E99DA9C96CA}.Debug|Any CPU.Build.0 = Debug|Any CPU
		{59770DF9-9CC5-4912-8677-5E99DA9C96CA}.Release|Any CPU.ActiveCfg = Release|Any CPU
		{59770DF9-9CC5-4912-8677-5E99DA9C96CA}.Release|Any CPU.Build.0 = Release|Any CPU
		{1ED1FD2A-703E-471D-AEDA-9885748194FF}.Debug|Any CPU.ActiveCfg = Debug|Any CPU
		{1ED1FD2A-703E-471D-AEDA-9885748194FF}.Debug|Any CPU.Build.0 = Debug|Any CPU
		{1ED1FD2A-703E-471D-AEDA-9885748194FF}.Release|Any CPU.ActiveCfg = Release|Any CPU
		{1ED1FD2A-703E-471D-AEDA-9885748194FF}.Release|Any CPU.Build.0 = Release|Any CPU
		{0267C513-2DB9-4697-A6FA-39BB83E1CA9B}.Debug|Any CPU.ActiveCfg = Debug|Any CPU
		{0267C513-2DB9-4697-A6FA-39BB83E1CA9B}.Debug|Any CPU.Build.0 = Debug|Any CPU
		{0267C513-2DB9-4697-A6FA-39BB83E1CA9B}.Release|Any CPU.ActiveCfg = Release|Any CPU
		{0267C513-2DB9-4697-A6FA-39BB83E1CA9B}.Release|Any CPU.Build.0 = Release|Any CPU
		{5750F136-DD4B-42F8-BA64-2371C2527505}.Debug|Any CPU.ActiveCfg = Debug|Any CPU
		{5750F136-DD4B-42F8-BA64-2371C2527505}.Debug|Any CPU.Build.0 = Debug|Any CPU
		{5750F136-DD4B-42F8-BA64-2371C2527505}.Release|Any CPU.ActiveCfg = Release|Any CPU
		{5750F136-DD4B-42F8-BA64-2371C2527505}.Release|Any CPU.Build.0 = Release|Any CPU
	EndGlobalSection
	GlobalSection(SolutionProperties) = preSolution
		HideSolutionNode = FALSE
	EndGlobalSection
	GlobalSection(NestedProjects) = preSolution
		{2BC1D1F3-B0B2-4184-A84B-34A6B531BD4A} = {9B62AB08-D68E-440E-819C-2C4636FF9C78}
		{0A3BCAC1-1759-48F4-A222-71A4C65A23A0} = {97439361-03B4-46C9-BC06-49F76BA57879}
		{B7151A42-A200-442D-9244-F6A2EADDFEA1} = {41072B8B-1052-4CC6-930F-83A5F8EA7482}
		{702AEE84-D06A-403F-8D7F-BE1955E9D062} = {41072B8B-1052-4CC6-930F-83A5F8EA7482}
		{D050818F-EDAD-43F1-9824-9627A0B4324C} = {F9400B71-ADCD-4FBE-A88F-F85873FDC60B}
		{3675CD24-B29D-4F1E-AB8E-9B563B000338} = {97439361-03B4-46C9-BC06-49F76BA57879}
		{DB2020AF-391A-4D5F-8037-541462DAEEE8} = {97439361-03B4-46C9-BC06-49F76BA57879}
		{F2B7F09C-55B8-4A24-9CCB-9883C0B72DF1} = {BE685106-CE96-4A43-A161-3425565C6A9D}
		{9C2D082D-39B8-4D51-B532-3274431EA606} = {F9400B71-ADCD-4FBE-A88F-F85873FDC60B}
		{80E6D51F-0920-4910-9A0A-A2E4ACF9F36D} = {97439361-03B4-46C9-BC06-49F76BA57879}
		{C2691740-A964-43C8-8024-DA64FB5DB624} = {97439361-03B4-46C9-BC06-49F76BA57879}
		{DF0D2D74-B9B7-4EB8-956D-E9CBDDF3390E} = {97439361-03B4-46C9-BC06-49F76BA57879}
		{5B888FFB-8BF0-4AED-9D1E-91396290BC05} = {97439361-03B4-46C9-BC06-49F76BA57879}
		{FE0F6EA1-5520-4DD9-9CD4-7A2365A03C8C} = {BE685106-CE96-4A43-A161-3425565C6A9D}
		{59770DF9-9CC5-4912-8677-5E99DA9C96CA} = {97439361-03B4-46C9-BC06-49F76BA57879}
		{1ED1FD2A-703E-471D-AEDA-9885748194FF} = {41072B8B-1052-4CC6-930F-83A5F8EA7482}
		{0267C513-2DB9-4697-A6FA-39BB83E1CA9B} = {41072B8B-1052-4CC6-930F-83A5F8EA7482}
		{5750F136-DD4B-42F8-BA64-2371C2527505} = {41072B8B-1052-4CC6-930F-83A5F8EA7482}
	EndGlobalSection
	GlobalSection(ExtensibilityGlobals) = postSolution
		SolutionGuid = {EBD14882-9899-4C4B-B9BC-22C0B93BD559}
	EndGlobalSection
EndGlobal
